// !$*UTF8*$!
{
	archiveVersion = 1;
	classes = {
	};
	objectVersion = 46;
	objects = {

/* Begin PBXBuildFile section */
		4B38B0E51F5AC963006277B8 /* AppDelegate.swift in Sources */ = {isa = PBXBuildFile; fileRef = 4B38B0E41F5AC963006277B8 /* AppDelegate.swift */; };
		4B38B0E71F5AC963006277B8 /* ViewController.swift in Sources */ = {isa = PBXBuildFile; fileRef = 4B38B0E61F5AC963006277B8 /* ViewController.swift */; };
		4B38B0E91F5AC963006277B8 /* Assets.xcassets in Resources */ = {isa = PBXBuildFile; fileRef = 4B38B0E81F5AC963006277B8 /* Assets.xcassets */; };
		4B38B0EC1F5AC963006277B8 /* Main.storyboard in Resources */ = {isa = PBXBuildFile; fileRef = 4B38B0EA1F5AC963006277B8 /* Main.storyboard */; };
		4B38B0F71F5AC964006277B8 /* FantasyRacersTests.swift in Sources */ = {isa = PBXBuildFile; fileRef = 4B38B0F61F5AC964006277B8 /* FantasyRacersTests.swift */; };
		4B38B1021F5AC964006277B8 /* FantasyRacersUITests.swift in Sources */ = {isa = PBXBuildFile; fileRef = 4B38B1011F5AC964006277B8 /* FantasyRacersUITests.swift */; };
		4B38B1131F5ACAA3006277B8 /* Drivers.json in Resources */ = {isa = PBXBuildFile; fileRef = 4B38B1101F5ACAA3006277B8 /* Drivers.json */; };
		4B38B1141F5ACAA3006277B8 /* Results.json in Resources */ = {isa = PBXBuildFile; fileRef = 4B38B1111F5ACAA3006277B8 /* Results.json */; };
		4B38B1151F5ACAA3006277B8 /* Teams.json in Resources */ = {isa = PBXBuildFile; fileRef = 4B38B1121F5ACAA3006277B8 /* Teams.json */; };
		4B38B1171F5ACAC4006277B8 /* DataFileReader.swift in Sources */ = {isa = PBXBuildFile; fileRef = 4B38B1161F5ACAC4006277B8 /* DataFileReader.swift */; };
		4B38B11D1F5ACAE8006277B8 /* Driver.swift in Sources */ = {isa = PBXBuildFile; fileRef = 4B38B1191F5ACAE8006277B8 /* Driver.swift */; };
		4B38B11E1F5ACAE8006277B8 /* Race.swift in Sources */ = {isa = PBXBuildFile; fileRef = 4B38B11A1F5ACAE8006277B8 /* Race.swift */; };
		4B38B11F1F5ACAE8006277B8 /* Scoring.swift in Sources */ = {isa = PBXBuildFile; fileRef = 4B38B11B1F5ACAE8006277B8 /* Scoring.swift */; };
		4B38B1201F5ACAE8006277B8 /* Team.swift in Sources */ = {isa = PBXBuildFile; fileRef = 4B38B11C1F5ACAE8006277B8 /* Team.swift */; };
		4B38B1231F5ACB02006277B8 /* Extensions.swift in Sources */ = {isa = PBXBuildFile; fileRef = 4B38B1221F5ACB02006277B8 /* Extensions.swift */; };
		4B38B1251F5ACB0E006277B8 /* Entry.swift in Sources */ = {isa = PBXBuildFile; fileRef = 4B38B1241F5ACB0E006277B8 /* Entry.swift */; };
		4B38B1281F5ACB20006277B8 /* JSON.swift in Sources */ = {isa = PBXBuildFile; fileRef = 4B38B1271F5ACB20006277B8 /* JSON.swift */; };
		4B38B12B1F5ACB37006277B8 /* Simulator.swift in Sources */ = {isa = PBXBuildFile; fileRef = 4B38B12A1F5ACB37006277B8 /* Simulator.swift */; };
		4B853A4D1F5B3BEE004897BE /* AppData.swift in Sources */ = {isa = PBXBuildFile; fileRef = 4B853A4C1F5B3BEE004897BE /* AppData.swift */; };
		4B95A85B1F5ACDF300BA33EA /* AppMain.swift in Sources */ = {isa = PBXBuildFile; fileRef = 4B95A85A1F5ACDF300BA33EA /* AppMain.swift */; };
/* End PBXBuildFile section */

/* Begin PBXContainerItemProxy section */
		4B38B0F31F5AC964006277B8 /* PBXContainerItemProxy */ = {
			isa = PBXContainerItemProxy;
			containerPortal = 4B38B0D91F5AC963006277B8 /* Project object */;
			proxyType = 1;
			remoteGlobalIDString = 4B38B0E01F5AC963006277B8;
			remoteInfo = FantasyRacers;
		};
		4B38B0FE1F5AC964006277B8 /* PBXContainerItemProxy */ = {
			isa = PBXContainerItemProxy;
			containerPortal = 4B38B0D91F5AC963006277B8 /* Project object */;
			proxyType = 1;
			remoteGlobalIDString = 4B38B0E01F5AC963006277B8;
			remoteInfo = FantasyRacers;
		};
/* End PBXContainerItemProxy section */

/* Begin PBXFileReference section */
		4B38B0E11F5AC963006277B8 /* FantasyRacers.app */ = {isa = PBXFileReference; explicitFileType = wrapper.application; includeInIndex = 0; path = FantasyRacers.app; sourceTree = BUILT_PRODUCTS_DIR; };
		4B38B0E41F5AC963006277B8 /* AppDelegate.swift */ = {isa = PBXFileReference; lastKnownFileType = sourcecode.swift; path = AppDelegate.swift; sourceTree = "<group>"; };
		4B38B0E61F5AC963006277B8 /* ViewController.swift */ = {isa = PBXFileReference; lastKnownFileType = sourcecode.swift; path = ViewController.swift; sourceTree = "<group>"; };
		4B38B0E81F5AC963006277B8 /* Assets.xcassets */ = {isa = PBXFileReference; lastKnownFileType = folder.assetcatalog; path = Assets.xcassets; sourceTree = "<group>"; };
		4B38B0EB1F5AC963006277B8 /* Base */ = {isa = PBXFileReference; lastKnownFileType = file.storyboard; name = Base; path = Base.lproj/Main.storyboard; sourceTree = "<group>"; };
		4B38B0ED1F5AC963006277B8 /* Info.plist */ = {isa = PBXFileReference; lastKnownFileType = text.plist.xml; path = Info.plist; sourceTree = "<group>"; };
		4B38B0F21F5AC964006277B8 /* FantasyRacersTests.xctest */ = {isa = PBXFileReference; explicitFileType = wrapper.cfbundle; includeInIndex = 0; path = FantasyRacersTests.xctest; sourceTree = BUILT_PRODUCTS_DIR; };
		4B38B0F61F5AC964006277B8 /* FantasyRacersTests.swift */ = {isa = PBXFileReference; lastKnownFileType = sourcecode.swift; path = FantasyRacersTests.swift; sourceTree = "<group>"; };
		4B38B0F81F5AC964006277B8 /* Info.plist */ = {isa = PBXFileReference; lastKnownFileType = text.plist.xml; path = Info.plist; sourceTree = "<group>"; };
		4B38B0FD1F5AC964006277B8 /* FantasyRacersUITests.xctest */ = {isa = PBXFileReference; explicitFileType = wrapper.cfbundle; includeInIndex = 0; path = FantasyRacersUITests.xctest; sourceTree = BUILT_PRODUCTS_DIR; };
		4B38B1011F5AC964006277B8 /* FantasyRacersUITests.swift */ = {isa = PBXFileReference; lastKnownFileType = sourcecode.swift; path = FantasyRacersUITests.swift; sourceTree = "<group>"; };
		4B38B1031F5AC964006277B8 /* Info.plist */ = {isa = PBXFileReference; lastKnownFileType = text.plist.xml; path = Info.plist; sourceTree = "<group>"; };
		4B38B1101F5ACAA3006277B8 /* Drivers.json */ = {isa = PBXFileReference; fileEncoding = 4; lastKnownFileType = text.json; path = Drivers.json; sourceTree = "<group>"; };
		4B38B1111F5ACAA3006277B8 /* Results.json */ = {isa = PBXFileReference; fileEncoding = 4; lastKnownFileType = text.json; path = Results.json; sourceTree = "<group>"; };
		4B38B1121F5ACAA3006277B8 /* Teams.json */ = {isa = PBXFileReference; fileEncoding = 4; lastKnownFileType = text.json; path = Teams.json; sourceTree = "<group>"; };
		4B38B1161F5ACAC4006277B8 /* DataFileReader.swift */ = {isa = PBXFileReference; fileEncoding = 4; lastKnownFileType = sourcecode.swift; path = DataFileReader.swift; sourceTree = "<group>"; };
		4B38B1191F5ACAE8006277B8 /* Driver.swift */ = {isa = PBXFileReference; fileEncoding = 4; lastKnownFileType = sourcecode.swift; path = Driver.swift; sourceTree = "<group>"; };
		4B38B11A1F5ACAE8006277B8 /* Race.swift */ = {isa = PBXFileReference; fileEncoding = 4; lastKnownFileType = sourcecode.swift; path = Race.swift; sourceTree = "<group>"; };
		4B38B11B1F5ACAE8006277B8 /* Scoring.swift */ = {isa = PBXFileReference; fileEncoding = 4; lastKnownFileType = sourcecode.swift; path = Scoring.swift; sourceTree = "<group>"; };
		4B38B11C1F5ACAE8006277B8 /* Team.swift */ = {isa = PBXFileReference; fileEncoding = 4; lastKnownFileType = sourcecode.swift; path = Team.swift; sourceTree = "<group>"; };
		4B38B1221F5ACB02006277B8 /* Extensions.swift */ = {isa = PBXFileReference; fileEncoding = 4; lastKnownFileType = sourcecode.swift; path = Extensions.swift; sourceTree = "<group>"; };
		4B38B1241F5ACB0E006277B8 /* Entry.swift */ = {isa = PBXFileReference; fileEncoding = 4; lastKnownFileType = sourcecode.swift; path = Entry.swift; sourceTree = "<group>"; };
		4B38B1271F5ACB20006277B8 /* JSON.swift */ = {isa = PBXFileReference; fileEncoding = 4; lastKnownFileType = sourcecode.swift; path = JSON.swift; sourceTree = "<group>"; };
		4B38B12A1F5ACB37006277B8 /* Simulator.swift */ = {isa = PBXFileReference; fileEncoding = 4; lastKnownFileType = sourcecode.swift; path = Simulator.swift; sourceTree = "<group>"; };
		4B853A4C1F5B3BEE004897BE /* AppData.swift */ = {isa = PBXFileReference; lastKnownFileType = sourcecode.swift; path = AppData.swift; sourceTree = "<group>"; };
		4B95A85A1F5ACDF300BA33EA /* AppMain.swift */ = {isa = PBXFileReference; lastKnownFileType = sourcecode.swift; path = AppMain.swift; sourceTree = "<group>"; };
/* End PBXFileReference section */

/* Begin PBXFrameworksBuildPhase section */
		4B38B0DE1F5AC963006277B8 /* Frameworks */ = {
			isa = PBXFrameworksBuildPhase;
			buildActionMask = 2147483647;
			files = (
			);
			runOnlyForDeploymentPostprocessing = 0;
		};
		4B38B0EF1F5AC964006277B8 /* Frameworks */ = {
			isa = PBXFrameworksBuildPhase;
			buildActionMask = 2147483647;
			files = (
			);
			runOnlyForDeploymentPostprocessing = 0;
		};
		4B38B0FA1F5AC964006277B8 /* Frameworks */ = {
			isa = PBXFrameworksBuildPhase;
			buildActionMask = 2147483647;
			files = (
			);
			runOnlyForDeploymentPostprocessing = 0;
		};
/* End PBXFrameworksBuildPhase section */

/* Begin PBXGroup section */
		4B38B0D81F5AC963006277B8 = {
			isa = PBXGroup;
			children = (
				4B38B0E31F5AC963006277B8 /* FantasyRacers */,
				4B38B0F51F5AC964006277B8 /* FantasyRacersTests */,
				4B38B1001F5AC964006277B8 /* FantasyRacersUITests */,
				4B38B0E21F5AC963006277B8 /* Products */,
			);
			sourceTree = "<group>";
		};
		4B38B0E21F5AC963006277B8 /* Products */ = {
			isa = PBXGroup;
			children = (
				4B38B0E11F5AC963006277B8 /* FantasyRacers.app */,
				4B38B0F21F5AC964006277B8 /* FantasyRacersTests.xctest */,
				4B38B0FD1F5AC964006277B8 /* FantasyRacersUITests.xctest */,
			);
			name = Products;
			sourceTree = "<group>";
		};
		4B38B0E31F5AC963006277B8 /* FantasyRacers */ = {
			isa = PBXGroup;
			children = (
				4B38B1291F5ACB2E006277B8 /* Simulator */,
				4B38B1261F5ACB18006277B8 /* JSON */,
				4B38B1211F5ACAF9006277B8 /* Extensions */,
				4B38B1181F5ACAD7006277B8 /* Models */,
				4B95A85C1F5AD2EE00BA33EA /* Scoring */,
				4B38B10F1F5ACA97006277B8 /* App Data */,
				4B38B0E41F5AC963006277B8 /* AppDelegate.swift */,
				4B95A85A1F5ACDF300BA33EA /* AppMain.swift */,
				4B38B0E61F5AC963006277B8 /* ViewController.swift */,
				4B38B0E81F5AC963006277B8 /* Assets.xcassets */,
				4B38B0EA1F5AC963006277B8 /* Main.storyboard */,
				4B38B0ED1F5AC963006277B8 /* Info.plist */,
			);
			path = FantasyRacers;
			sourceTree = "<group>";
		};
		4B38B0F51F5AC964006277B8 /* FantasyRacersTests */ = {
			isa = PBXGroup;
			children = (
				4B38B0F61F5AC964006277B8 /* FantasyRacersTests.swift */,
				4B38B0F81F5AC964006277B8 /* Info.plist */,
			);
			path = FantasyRacersTests;
			sourceTree = "<group>";
		};
		4B38B1001F5AC964006277B8 /* FantasyRacersUITests */ = {
			isa = PBXGroup;
			children = (
				4B38B1011F5AC964006277B8 /* FantasyRacersUITests.swift */,
				4B38B1031F5AC964006277B8 /* Info.plist */,
			);
			path = FantasyRacersUITests;
			sourceTree = "<group>";
		};
		4B38B10F1F5ACA97006277B8 /* App Data */ = {
			isa = PBXGroup;
			children = (
				4B853A4C1F5B3BEE004897BE /* AppData.swift */,
				4B38B1161F5ACAC4006277B8 /* DataFileReader.swift */,
				4B38B1101F5ACAA3006277B8 /* Drivers.json */,
				4B38B1111F5ACAA3006277B8 /* Results.json */,
				4B38B1121F5ACAA3006277B8 /* Teams.json */,
			);
			name = "App Data";
			sourceTree = "<group>";
		};
		4B38B1181F5ACAD7006277B8 /* Models */ = {
			isa = PBXGroup;
			children = (
				4B38B1241F5ACB0E006277B8 /* Entry.swift */,
				4B38B1191F5ACAE8006277B8 /* Driver.swift */,
				4B38B11A1F5ACAE8006277B8 /* Race.swift */,
				4B38B11C1F5ACAE8006277B8 /* Team.swift */,
			);
			name = Models;
			sourceTree = "<group>";
		};
		4B38B1211F5ACAF9006277B8 /* Extensions */ = {
			isa = PBXGroup;
			children = (
				4B38B1221F5ACB02006277B8 /* Extensions.swift */,
			);
			name = Extensions;
			sourceTree = "<group>";
		};
		4B38B1261F5ACB18006277B8 /* JSON */ = {
			isa = PBXGroup;
			children = (
				4B38B1271F5ACB20006277B8 /* JSON.swift */,
			);
			name = JSON;
			sourceTree = "<group>";
		};
		4B38B1291F5ACB2E006277B8 /* Simulator */ = {
			isa = PBXGroup;
			children = (
				4B38B12A1F5ACB37006277B8 /* Simulator.swift */,
			);
			name = Simulator;
			sourceTree = "<group>";
		};
		4B95A85C1F5AD2EE00BA33EA /* Scoring */ = {
			isa = PBXGroup;
			children = (
				4B38B11B1F5ACAE8006277B8 /* Scoring.swift */,
			);
			name = Scoring;
			sourceTree = "<group>";
		};
/* End PBXGroup section */

/* Begin PBXNativeTarget section */
		4B38B0E01F5AC963006277B8 /* FantasyRacers */ = {
			isa = PBXNativeTarget;
			buildConfigurationList = 4B38B1061F5AC964006277B8 /* Build configuration list for PBXNativeTarget "FantasyRacers" */;
			buildPhases = (
				4B38B0DD1F5AC963006277B8 /* Sources */,
				4B38B0DE1F5AC963006277B8 /* Frameworks */,
				4B38B0DF1F5AC963006277B8 /* Resources */,
			);
			buildRules = (
			);
			dependencies = (
			);
			name = FantasyRacers;
			productName = FantasyRacers;
			productReference = 4B38B0E11F5AC963006277B8 /* FantasyRacers.app */;
			productType = "com.apple.product-type.application";
		};
		4B38B0F11F5AC964006277B8 /* FantasyRacersTests */ = {
			isa = PBXNativeTarget;
			buildConfigurationList = 4B38B1091F5AC964006277B8 /* Build configuration list for PBXNativeTarget "FantasyRacersTests" */;
			buildPhases = (
				4B38B0EE1F5AC964006277B8 /* Sources */,
				4B38B0EF1F5AC964006277B8 /* Frameworks */,
				4B38B0F01F5AC964006277B8 /* Resources */,
			);
			buildRules = (
			);
			dependencies = (
				4B38B0F41F5AC964006277B8 /* PBXTargetDependency */,
			);
			name = FantasyRacersTests;
			productName = FantasyRacersTests;
			productReference = 4B38B0F21F5AC964006277B8 /* FantasyRacersTests.xctest */;
			productType = "com.apple.product-type.bundle.unit-test";
		};
		4B38B0FC1F5AC964006277B8 /* FantasyRacersUITests */ = {
			isa = PBXNativeTarget;
			buildConfigurationList = 4B38B10C1F5AC964006277B8 /* Build configuration list for PBXNativeTarget "FantasyRacersUITests" */;
			buildPhases = (
				4B38B0F91F5AC964006277B8 /* Sources */,
				4B38B0FA1F5AC964006277B8 /* Frameworks */,
				4B38B0FB1F5AC964006277B8 /* Resources */,
			);
			buildRules = (
			);
			dependencies = (
				4B38B0FF1F5AC964006277B8 /* PBXTargetDependency */,
			);
			name = FantasyRacersUITests;
			productName = FantasyRacersUITests;
			productReference = 4B38B0FD1F5AC964006277B8 /* FantasyRacersUITests.xctest */;
			productType = "com.apple.product-type.bundle.ui-testing";
		};
/* End PBXNativeTarget section */

/* Begin PBXProject section */
		4B38B0D91F5AC963006277B8 /* Project object */ = {
			isa = PBXProject;
			attributes = {
				LastSwiftUpdateCheck = 0830;
				LastUpgradeCheck = 0830;
				ORGANIZATIONNAME = "Christopher Fonseka";
				TargetAttributes = {
					4B38B0E01F5AC963006277B8 = {
						CreatedOnToolsVersion = 8.3.3;
						DevelopmentTeam = LH8455G983;
						ProvisioningStyle = Automatic;
					};
					4B38B0F11F5AC964006277B8 = {
						CreatedOnToolsVersion = 8.3.3;
						DevelopmentTeam = LH8455G983;
						ProvisioningStyle = Automatic;
						TestTargetID = 4B38B0E01F5AC963006277B8;
					};
					4B38B0FC1F5AC964006277B8 = {
						CreatedOnToolsVersion = 8.3.3;
						DevelopmentTeam = LH8455G983;
						ProvisioningStyle = Automatic;
						TestTargetID = 4B38B0E01F5AC963006277B8;
					};
				};
			};
			buildConfigurationList = 4B38B0DC1F5AC963006277B8 /* Build configuration list for PBXProject "FantasyRacers" */;
			compatibilityVersion = "Xcode 3.2";
			developmentRegion = English;
			hasScannedForEncodings = 0;
			knownRegions = (
				en,
				Base,
			);
			mainGroup = 4B38B0D81F5AC963006277B8;
			productRefGroup = 4B38B0E21F5AC963006277B8 /* Products */;
			projectDirPath = "";
			projectRoot = "";
			targets = (
				4B38B0E01F5AC963006277B8 /* FantasyRacers */,
				4B38B0F11F5AC964006277B8 /* FantasyRacersTests */,
				4B38B0FC1F5AC964006277B8 /* FantasyRacersUITests */,
			);
		};
/* End PBXProject section */

/* Begin PBXResourcesBuildPhase section */
		4B38B0DF1F5AC963006277B8 /* Resources */ = {
			isa = PBXResourcesBuildPhase;
			buildActionMask = 2147483647;
			files = (
				4B38B0E91F5AC963006277B8 /* Assets.xcassets in Resources */,
				4B38B1131F5ACAA3006277B8 /* Drivers.json in Resources */,
				4B38B1141F5ACAA3006277B8 /* Results.json in Resources */,
				4B38B1151F5ACAA3006277B8 /* Teams.json in Resources */,
				4B38B0EC1F5AC963006277B8 /* Main.storyboard in Resources */,
			);
			runOnlyForDeploymentPostprocessing = 0;
		};
		4B38B0F01F5AC964006277B8 /* Resources */ = {
			isa = PBXResourcesBuildPhase;
			buildActionMask = 2147483647;
			files = (
			);
			runOnlyForDeploymentPostprocessing = 0;
		};
		4B38B0FB1F5AC964006277B8 /* Resources */ = {
			isa = PBXResourcesBuildPhase;
			buildActionMask = 2147483647;
			files = (
			);
			runOnlyForDeploymentPostprocessing = 0;
		};
/* End PBXResourcesBuildPhase section */

/* Begin PBXSourcesBuildPhase section */
		4B38B0DD1F5AC963006277B8 /* Sources */ = {
			isa = PBXSourcesBuildPhase;
			buildActionMask = 2147483647;
			files = (
				4B853A4D1F5B3BEE004897BE /* AppData.swift in Sources */,
				4B38B12B1F5ACB37006277B8 /* Simulator.swift in Sources */,
				4B38B0E71F5AC963006277B8 /* ViewController.swift in Sources */,
				4B38B1281F5ACB20006277B8 /* JSON.swift in Sources */,
				4B38B0E51F5AC963006277B8 /* AppDelegate.swift in Sources */,
				4B38B1201F5ACAE8006277B8 /* Team.swift in Sources */,
				4B38B1251F5ACB0E006277B8 /* Entry.swift in Sources */,
				4B38B1231F5ACB02006277B8 /* Extensions.swift in Sources */,
				4B38B1171F5ACAC4006277B8 /* DataFileReader.swift in Sources */,
				4B38B11D1F5ACAE8006277B8 /* Driver.swift in Sources */,
				4B38B11E1F5ACAE8006277B8 /* Race.swift in Sources */,
				4B95A85B1F5ACDF300BA33EA /* AppMain.swift in Sources */,
				4B38B11F1F5ACAE8006277B8 /* Scoring.swift in Sources */,
			);
			runOnlyForDeploymentPostprocessing = 0;
		};
		4B38B0EE1F5AC964006277B8 /* Sources */ = {
			isa = PBXSourcesBuildPhase;
			buildActionMask = 2147483647;
			files = (
				4B38B0F71F5AC964006277B8 /* FantasyRacersTests.swift in Sources */,
			);
			runOnlyForDeploymentPostprocessing = 0;
		};
		4B38B0F91F5AC964006277B8 /* Sources */ = {
			isa = PBXSourcesBuildPhase;
			buildActionMask = 2147483647;
			files = (
				4B38B1021F5AC964006277B8 /* FantasyRacersUITests.swift in Sources */,
			);
			runOnlyForDeploymentPostprocessing = 0;
		};
/* End PBXSourcesBuildPhase section */

/* Begin PBXTargetDependency section */
		4B38B0F41F5AC964006277B8 /* PBXTargetDependency */ = {
			isa = PBXTargetDependency;
			target = 4B38B0E01F5AC963006277B8 /* FantasyRacers */;
			targetProxy = 4B38B0F31F5AC964006277B8 /* PBXContainerItemProxy */;
		};
		4B38B0FF1F5AC964006277B8 /* PBXTargetDependency */ = {
			isa = PBXTargetDependency;
			target = 4B38B0E01F5AC963006277B8 /* FantasyRacers */;
			targetProxy = 4B38B0FE1F5AC964006277B8 /* PBXContainerItemProxy */;
		};
/* End PBXTargetDependency section */

/* Begin PBXVariantGroup section */
		4B38B0EA1F5AC963006277B8 /* Main.storyboard */ = {
			isa = PBXVariantGroup;
			children = (
				4B38B0EB1F5AC963006277B8 /* Base */,
			);
			name = Main.storyboard;
			sourceTree = "<group>";
		};
/* End PBXVariantGroup section */

/* Begin XCBuildConfiguration section */
		4B38B1041F5AC964006277B8 /* Debug */ = {
			isa = XCBuildConfiguration;
			buildSettings = {
				ALWAYS_SEARCH_USER_PATHS = NO;
				CLANG_ANALYZER_NONNULL = YES;
				CLANG_ANALYZER_NUMBER_OBJECT_CONVERSION = YES_AGGRESSIVE;
				CLANG_CXX_LANGUAGE_STANDARD = "gnu++0x";
				CLANG_CXX_LIBRARY = "libc++";
				CLANG_ENABLE_MODULES = YES;
				CLANG_ENABLE_OBJC_ARC = YES;
				CLANG_WARN_BOOL_CONVERSION = YES;
				CLANG_WARN_CONSTANT_CONVERSION = YES;
				CLANG_WARN_DIRECT_OBJC_ISA_USAGE = YES_ERROR;
				CLANG_WARN_DOCUMENTATION_COMMENTS = YES;
				CLANG_WARN_EMPTY_BODY = YES;
				CLANG_WARN_ENUM_CONVERSION = YES;
				CLANG_WARN_INFINITE_RECURSION = YES;
				CLANG_WARN_INT_CONVERSION = YES;
				CLANG_WARN_OBJC_ROOT_CLASS = YES_ERROR;
				CLANG_WARN_SUSPICIOUS_MOVE = YES;
				CLANG_WARN_UNREACHABLE_CODE = YES;
				CLANG_WARN__DUPLICATE_METHOD_MATCH = YES;
				CODE_SIGN_IDENTITY = "-";
				COPY_PHASE_STRIP = NO;
				DEBUG_INFORMATION_FORMAT = dwarf;
				ENABLE_STRICT_OBJC_MSGSEND = YES;
				ENABLE_TESTABILITY = YES;
				GCC_C_LANGUAGE_STANDARD = gnu99;
				GCC_DYNAMIC_NO_PIC = NO;
				GCC_NO_COMMON_BLOCKS = YES;
				GCC_OPTIMIZATION_LEVEL = 0;
				GCC_PREPROCESSOR_DEFINITIONS = (
					"DEBUG=1",
					"$(inherited)",
				);
				GCC_WARN_64_TO_32_BIT_CONVERSION = YES;
				GCC_WARN_ABOUT_RETURN_TYPE = YES_ERROR;
				GCC_WARN_UNDECLARED_SELECTOR = YES;
				GCC_WARN_UNINITIALIZED_AUTOS = YES_AGGRESSIVE;
				GCC_WARN_UNUSED_FUNCTION = YES;
				GCC_WARN_UNUSED_VARIABLE = YES;
				MACOSX_DEPLOYMENT_TARGET = 10.12;
				MTL_ENABLE_DEBUG_INFO = YES;
				ONLY_ACTIVE_ARCH = YES;
				SDKROOT = macosx;
				SWIFT_ACTIVE_COMPILATION_CONDITIONS = DEBUG;
				SWIFT_OPTIMIZATION_LEVEL = "-Onone";
			};
			name = Debug;
		};
		4B38B1051F5AC964006277B8 /* Release */ = {
			isa = XCBuildConfiguration;
			buildSettings = {
				ALWAYS_SEARCH_USER_PATHS = NO;
				CLANG_ANALYZER_NONNULL = YES;
				CLANG_ANALYZER_NUMBER_OBJECT_CONVERSION = YES_AGGRESSIVE;
				CLANG_CXX_LANGUAGE_STANDARD = "gnu++0x";
				CLANG_CXX_LIBRARY = "libc++";
				CLANG_ENABLE_MODULES = YES;
				CLANG_ENABLE_OBJC_ARC = YES;
				CLANG_WARN_BOOL_CONVERSION = YES;
				CLANG_WARN_CONSTANT_CONVERSION = YES;
				CLANG_WARN_DIRECT_OBJC_ISA_USAGE = YES_ERROR;
				CLANG_WARN_DOCUMENTATION_COMMENTS = YES;
				CLANG_WARN_EMPTY_BODY = YES;
				CLANG_WARN_ENUM_CONVERSION = YES;
				CLANG_WARN_INFINITE_RECURSION = YES;
				CLANG_WARN_INT_CONVERSION = YES;
				CLANG_WARN_OBJC_ROOT_CLASS = YES_ERROR;
				CLANG_WARN_SUSPICIOUS_MOVE = YES;
				CLANG_WARN_UNREACHABLE_CODE = YES;
				CLANG_WARN__DUPLICATE_METHOD_MATCH = YES;
				CODE_SIGN_IDENTITY = "-";
				COPY_PHASE_STRIP = NO;
				DEBUG_INFORMATION_FORMAT = "dwarf-with-dsym";
				ENABLE_NS_ASSERTIONS = NO;
				ENABLE_STRICT_OBJC_MSGSEND = YES;
				GCC_C_LANGUAGE_STANDARD = gnu99;
				GCC_NO_COMMON_BLOCKS = YES;
				GCC_WARN_64_TO_32_BIT_CONVERSION = YES;
				GCC_WARN_ABOUT_RETURN_TYPE = YES_ERROR;
				GCC_WARN_UNDECLARED_SELECTOR = YES;
				GCC_WARN_UNINITIALIZED_AUTOS = YES_AGGRESSIVE;
				GCC_WARN_UNUSED_FUNCTION = YES;
				GCC_WARN_UNUSED_VARIABLE = YES;
				MACOSX_DEPLOYMENT_TARGET = 10.12;
				MTL_ENABLE_DEBUG_INFO = NO;
				SDKROOT = macosx;
				SWIFT_OPTIMIZATION_LEVEL = "-Owholemodule";
			};
			name = Release;
		};
		4B38B1071F5AC964006277B8 /* Debug */ = {
			isa = XCBuildConfiguration;
			buildSettings = {
				ASSETCATALOG_COMPILER_APPICON_NAME = AppIcon;
				COMBINE_HIDPI_IMAGES = YES;
				DEVELOPMENT_TEAM = LH8455G983;
				INFOPLIST_FILE = FantasyRacers/Info.plist;
				LD_RUNPATH_SEARCH_PATHS = "$(inherited) @executable_path/../Frameworks";
				PRODUCT_BUNDLE_IDENTIFIER = com.christopherfonseka.FantasyRacers;
				PRODUCT_NAME = "$(TARGET_NAME)";
				SWIFT_VERSION = 3.0;
			};
			name = Debug;
		};
		4B38B1081F5AC964006277B8 /* Release */ = {
			isa = XCBuildConfiguration;
			buildSettings = {
				ASSETCATALOG_COMPILER_APPICON_NAME = AppIcon;
				COMBINE_HIDPI_IMAGES = YES;
				DEVELOPMENT_TEAM = LH8455G983;
				INFOPLIST_FILE = FantasyRacers/Info.plist;
				LD_RUNPATH_SEARCH_PATHS = "$(inherited) @executable_path/../Frameworks";
				PRODUCT_BUNDLE_IDENTIFIER = com.christopherfonseka.FantasyRacers;
				PRODUCT_NAME = "$(TARGET_NAME)";
				SWIFT_VERSION = 3.0;
			};
			name = Release;
		};
		4B38B10A1F5AC964006277B8 /* Debug */ = {
			isa = XCBuildConfiguration;
			buildSettings = {
				ALWAYS_EMBED_SWIFT_STANDARD_LIBRARIES = YES;
				BUNDLE_LOADER = "$(TEST_HOST)";
				COMBINE_HIDPI_IMAGES = YES;
				DEVELOPMENT_TEAM = LH8455G983;
				INFOPLIST_FILE = FantasyRacersTests/Info.plist;
				LD_RUNPATH_SEARCH_PATHS = "$(inherited) @executable_path/../Frameworks @loader_path/../Frameworks";
				PRODUCT_BUNDLE_IDENTIFIER = com.christopherfonseka.FantasyRacersTests;
				PRODUCT_NAME = "$(TARGET_NAME)";
				SWIFT_VERSION = 3.0;
				TEST_HOST = "$(BUILT_PRODUCTS_DIR)/FantasyRacers.app/Contents/MacOS/FantasyRacers";
			};
			name = Debug;
		};
		4B38B10B1F5AC964006277B8 /* Release */ = {
			isa = XCBuildConfiguration;
			buildSettings = {
				ALWAYS_EMBED_SWIFT_STANDARD_LIBRARIES = YES;
				BUNDLE_LOADER = "$(TEST_HOST)";
				COMBINE_HIDPI_IMAGES = YES;
				DEVELOPMENT_TEAM = LH8455G983;
				INFOPLIST_FILE = FantasyRacersTests/Info.plist;
				LD_RUNPATH_SEARCH_PATHS = "$(inherited) @executable_path/../Frameworks @loader_path/../Frameworks";
				PRODUCT_BUNDLE_IDENTIFIER = com.christopherfonseka.FantasyRacersTests;
				PRODUCT_NAME = "$(TARGET_NAME)";
				SWIFT_VERSION = 3.0;
				TEST_HOST = "$(BUILT_PRODUCTS_DIR)/FantasyRacers.app/Contents/MacOS/FantasyRacers";
			};
			name = Release;
		};
		4B38B10D1F5AC964006277B8 /* Debug */ = {
			isa = XCBuildConfiguration;
			buildSettings = {
				ALWAYS_EMBED_SWIFT_STANDARD_LIBRARIES = YES;
				COMBINE_HIDPI_IMAGES = YES;
				DEVELOPMENT_TEAM = LH8455G983;
				INFOPLIST_FILE = FantasyRacersUITests/Info.plist;
				LD_RUNPATH_SEARCH_PATHS = "$(inherited) @executable_path/../Frameworks @loader_path/../Frameworks";
				PRODUCT_BUNDLE_IDENTIFIER = com.christopherfonseka.FantasyRacersUITests;
				PRODUCT_NAME = "$(TARGET_NAME)";
				SWIFT_VERSION = 3.0;
				TEST_TARGET_NAME = FantasyRacers;
			};
			name = Debug;
		};
		4B38B10E1F5AC964006277B8 /* Release */ = {
			isa = XCBuildConfiguration;
			buildSettings = {
				ALWAYS_EMBED_SWIFT_STANDARD_LIBRARIES = YES;
				COMBINE_HIDPI_IMAGES = YES;
				DEVELOPMENT_TEAM = LH8455G983;
				INFOPLIST_FILE = FantasyRacersUITests/Info.plist;
				LD_RUNPATH_SEARCH_PATHS = "$(inherited) @executable_path/../Frameworks @loader_path/../Frameworks";
				PRODUCT_BUNDLE_IDENTIFIER = com.christopherfonseka.FantasyRacersUITests;
				PRODUCT_NAME = "$(TARGET_NAME)";
				SWIFT_VERSION = 3.0;
				TEST_TARGET_NAME = FantasyRacers;
			};
			name = Release;
		};
/* End XCBuildConfiguration section */

/* Begin XCConfigurationList section */
		4B38B0DC1F5AC963006277B8 /* Build configuration list for PBXProject "FantasyRacers" */ = {
			isa = XCConfigurationList;
			buildConfigurations = (
				4B38B1041F5AC964006277B8 /* Debug */,
				4B38B1051F5AC964006277B8 /* Release */,
			);
			defaultConfigurationIsVisible = 0;
			defaultConfigurationName = Release;
		};
		4B38B1061F5AC964006277B8 /* Build configuration list for PBXNativeTarget "FantasyRacers" */ = {
			isa = XCConfigurationList;
			buildConfigurations = (
				4B38B1071F5AC964006277B8 /* Debug */,
				4B38B1081F5AC964006277B8 /* Release */,
			);
			defaultConfigurationIsVisible = 0;
			defaultConfigurationName = Release;
		};
		4B38B1091F5AC964006277B8 /* Build configuration list for PBXNativeTarget "FantasyRacersTests" */ = {
			isa = XCConfigurationList;
			buildConfigurations = (
				4B38B10A1F5AC964006277B8 /* Debug */,
				4B38B10B1F5AC964006277B8 /* Release */,
			);
			defaultConfigurationIsVisible = 0;
			defaultConfigurationName = Release;
		};
		4B38B10C1F5AC964006277B8 /* Build configuration list for PBXNativeTarget "FantasyRacersUITests" */ = {
			isa = XCConfigurationList;
			buildConfigurations = (
				4B38B10D1F5AC964006277B8 /* Debug */,
				4B38B10E1F5AC964006277B8 /* Release */,
			);
			defaultConfigurationIsVisible = 0;
			defaultConfigurationName = Release;
		};
/* End XCConfigurationList section */
	};
	rootObject = 4B38B0D91F5AC963006277B8 /* Project object */;
}
